
Microsoft Visual Studio Solution File, Format Version 12.00
# Visual Studio Version 16
VisualStudioVersion = 16.0.28803.202
MinimumVisualStudioVersion = 10.0.40219.1
Project("{FAE04EC0-301F-11D3-BF4B-00C04F79EFBC}") = "100procentov_ne_kyrsach", "100procentov_ne_kyrsach\100procentov_ne_kyrsach.csproj", "{368DE2C9-2669-4013-A132-E7B344E6B0B3}"
EndProject
Global
	GlobalSection(SolutionConfigurationPlatforms) = preSolution
		Debug|Any CPU = Debug|Any CPU
		Release|Any CPU = Release|Any CPU
	EndGlobalSection
	GlobalSection(ProjectConfigurationPlatforms) = postSolution
		{368DE2C9-2669-4013-A132-E7B344E6B0B3}.Debug|Any CPU.ActiveCfg = Debug|Any CPU
		{368DE2C9-2669-4013-A132-E7B344E6B0B3}.Debug|Any CPU.Build.0 = Debug|Any CPU
		{368DE2C9-2669-4013-A132-E7B344E6B0B3}.Release|Any CPU.ActiveCfg = Release|Any CPU
		{368DE2C9-2669-4013-A132-E7B344E6B0B3}.Release|Any CPU.Build.0 = Release|Any CPU
	EndGlobalSection
	GlobalSection(SolutionProperties) = preSolution
		HideSolutionNode = FALSE
	EndGlobalSection
	GlobalSection(ExtensibilityGlobals) = postSolution
		SolutionGuid = {7FE29839-3423-4D8D-AA80-1372A3776A08}
	EndGlobalSection
EndGlobal
